
Microsoft Visual Studio Solution File, Format Version 12.00
Project("{FAE04EC0-301F-11D3-BF4B-00C04F79EFBC}") = "LevelUp.Practicum.API", "LevelUp.Practicum.API\LevelUp.Practicum.API.csproj", "{FD354110-E599-4083-8BA5-698122D2CD3D}"
EndProject
Global
	GlobalSection(SolutionConfigurationPlatforms) = preSolution
		Debug|Any CPU = Debug|Any CPU
		Release|Any CPU = Release|Any CPU
	EndGlobalSection
	GlobalSection(ProjectConfigurationPlatforms) = postSolution
		{FD354110-E599-4083-8BA5-698122D2CD3D}.Debug|Any CPU.ActiveCfg = Debug|Any CPU
		{FD354110-E599-4083-8BA5-698122D2CD3D}.Debug|Any CPU.Build.0 = Debug|Any CPU
		{FD354110-E599-4083-8BA5-698122D2CD3D}.Release|Any CPU.ActiveCfg = Release|Any CPU
		{FD354110-E599-4083-8BA5-698122D2CD3D}.Release|Any CPU.Build.0 = Release|Any CPU
	EndGlobalSection
EndGlobal
